// !$*UTF8*$!
{
	archiveVersion = 1;
	classes = {
	};
	objectVersion = 50;
	objects = {

/* Begin PBXBuildFile section */
		4F589F2B25414FC1001443A3 /* FMPCopyOnWriteExtension.swift in Sources */ = {isa = PBXBuildFile; fileRef = 4F589F2A25414FC1001443A3 /* FMPCopyOnWriteExtension.swift */; };
		4F589F3325415712001443A3 /* CopyOnWriteTest.swift in Sources */ = {isa = PBXBuildFile; fileRef = 4F589F3225415712001443A3 /* CopyOnWriteTest.swift */; };
		78CE30692534674E0020E536 /* FlexibleModelProtocol.framework in Frameworks */ = {isa = PBXBuildFile; fileRef = 78CE305F2534674E0020E536 /* FlexibleModelProtocol.framework */; };
		78CE30702534674E0020E536 /* FlexibleModelProtocol.h in Headers */ = {isa = PBXBuildFile; fileRef = 78CE30622534674E0020E536 /* FlexibleModelProtocol.h */; settings = {ATTRIBUTES = (Public, ); }; };
		78CE307C2534677E0020E536 /* FlexibleModelProtocol.swift in Sources */ = {isa = PBXBuildFile; fileRef = 78CE307B2534677E0020E536 /* FlexibleModelProtocol.swift */; };
		78D95D7D2535B0FB009A379F /* HWXMLEelement.swift in Sources */ = {isa = PBXBuildFile; fileRef = 78D95D7B2535B0FB009A379F /* HWXMLEelement.swift */; };
		78D95D7E2535B0FB009A379F /* HWXMLParser.swift in Sources */ = {isa = PBXBuildFile; fileRef = 78D95D7C2535B0FB009A379F /* HWXMLParser.swift */; };
		78D95D842535B5C9009A379F /* FromTest.swift in Sources */ = {isa = PBXBuildFile; fileRef = 78D95D832535B5C9009A379F /* FromTest.swift */; };
		78D95D882535B5D4009A379F /* ToTest.swift in Sources */ = {isa = PBXBuildFile; fileRef = 78D95D872535B5D4009A379F /* ToTest.swift */; };
		78D95D9F2535D7C2009A379F /* TestModel.swift in Sources */ = {isa = PBXBuildFile; fileRef = 78D95D9C2535D7C2009A379F /* TestModel.swift */; };
		78D95DA02535D7C2009A379F /* SampleXML.xml in Resources */ = {isa = PBXBuildFile; fileRef = 78D95D9D2535D7C2009A379F /* SampleXML.xml */; };
		78D95DA12535D7C2009A379F /* SampleJson.json in Resources */ = {isa = PBXBuildFile; fileRef = 78D95D9E2535D7C2009A379F /* SampleJson.json */; };
/* End PBXBuildFile section */

/* Begin PBXContainerItemProxy section */
		78CE306A2534674E0020E536 /* PBXContainerItemProxy */ = {
			isa = PBXContainerItemProxy;
			containerPortal = 78CE30562534674E0020E536 /* Project object */;
			proxyType = 1;
			remoteGlobalIDString = 78CE305E2534674E0020E536;
			remoteInfo = FlexibleModelProtocol;
		};
/* End PBXContainerItemProxy section */

/* Begin PBXFileReference section */
		4F589F2A25414FC1001443A3 /* FMPCopyOnWriteExtension.swift */ = {isa = PBXFileReference; lastKnownFileType = sourcecode.swift; path = FMPCopyOnWriteExtension.swift; sourceTree = "<group>"; };
		4F589F3225415712001443A3 /* CopyOnWriteTest.swift */ = {isa = PBXFileReference; lastKnownFileType = sourcecode.swift; path = CopyOnWriteTest.swift; sourceTree = "<group>"; };
		78CE305F2534674E0020E536 /* FlexibleModelProtocol.framework */ = {isa = PBXFileReference; explicitFileType = wrapper.framework; includeInIndex = 0; path = FlexibleModelProtocol.framework; sourceTree = BUILT_PRODUCTS_DIR; };
		78CE30622534674E0020E536 /* FlexibleModelProtocol.h */ = {isa = PBXFileReference; lastKnownFileType = sourcecode.c.h; path = FlexibleModelProtocol.h; sourceTree = "<group>"; };
		78CE30632534674E0020E536 /* Info.plist */ = {isa = PBXFileReference; lastKnownFileType = text.plist.xml; path = Info.plist; sourceTree = "<group>"; };
		78CE30682534674E0020E536 /* FlexibleModelProtocolTests.xctest */ = {isa = PBXFileReference; explicitFileType = wrapper.cfbundle; includeInIndex = 0; path = FlexibleModelProtocolTests.xctest; sourceTree = BUILT_PRODUCTS_DIR; };
		78CE306F2534674E0020E536 /* Info.plist */ = {isa = PBXFileReference; lastKnownFileType = text.plist.xml; path = Info.plist; sourceTree = "<group>"; };
		78CE307B2534677E0020E536 /* FlexibleModelProtocol.swift */ = {isa = PBXFileReference; fileEncoding = 4; lastKnownFileType = sourcecode.swift; path = FlexibleModelProtocol.swift; sourceTree = "<group>"; };
		78D95D7B2535B0FB009A379F /* HWXMLEelement.swift */ = {isa = PBXFileReference; fileEncoding = 4; lastKnownFileType = sourcecode.swift; path = HWXMLEelement.swift; sourceTree = "<group>"; };
		78D95D7C2535B0FB009A379F /* HWXMLParser.swift */ = {isa = PBXFileReference; fileEncoding = 4; lastKnownFileType = sourcecode.swift; path = HWXMLParser.swift; sourceTree = "<group>"; };
		78D95D832535B5C9009A379F /* FromTest.swift */ = {isa = PBXFileReference; lastKnownFileType = sourcecode.swift; path = FromTest.swift; sourceTree = "<group>"; };
		78D95D872535B5D4009A379F /* ToTest.swift */ = {isa = PBXFileReference; lastKnownFileType = sourcecode.swift; path = ToTest.swift; sourceTree = "<group>"; };
		78D95D9C2535D7C2009A379F /* TestModel.swift */ = {isa = PBXFileReference; fileEncoding = 4; lastKnownFileType = sourcecode.swift; path = TestModel.swift; sourceTree = "<group>"; };
		78D95D9D2535D7C2009A379F /* SampleXML.xml */ = {isa = PBXFileReference; fileEncoding = 4; lastKnownFileType = text.xml; path = SampleXML.xml; sourceTree = "<group>"; };
		78D95D9E2535D7C2009A379F /* SampleJson.json */ = {isa = PBXFileReference; fileEncoding = 4; lastKnownFileType = text.json; path = SampleJson.json; sourceTree = "<group>"; };
/* End PBXFileReference section */

/* Begin PBXFrameworksBuildPhase section */
		78CE305C2534674E0020E536 /* Frameworks */ = {
			isa = PBXFrameworksBuildPhase;
			buildActionMask = 2147483647;
			files = (
			);
			runOnlyForDeploymentPostprocessing = 0;
		};
		78CE30652534674E0020E536 /* Frameworks */ = {
			isa = PBXFrameworksBuildPhase;
			buildActionMask = 2147483647;
			files = (
				78CE30692534674E0020E536 /* FlexibleModelProtocol.framework in Frameworks */,
			);
			runOnlyForDeploymentPostprocessing = 0;
		};
/* End PBXFrameworksBuildPhase section */

/* Begin PBXGroup section */
		78CE30552534674E0020E536 = {
			isa = PBXGroup;
			children = (
				78CE30612534674E0020E536 /* FlexibleModelProtocol */,
				78CE306C2534674E0020E536 /* FlexibleModelProtocolTests */,
				78CE30602534674E0020E536 /* Products */,
			);
			sourceTree = "<group>";
		};
		78CE30602534674E0020E536 /* Products */ = {
			isa = PBXGroup;
			children = (
				78CE305F2534674E0020E536 /* FlexibleModelProtocol.framework */,
				78CE30682534674E0020E536 /* FlexibleModelProtocolTests.xctest */,
			);
			name = Products;
			sourceTree = "<group>";
		};
		78CE30612534674E0020E536 /* FlexibleModelProtocol */ = {
			isa = PBXGroup;
			children = (
				78CE307B2534677E0020E536 /* FlexibleModelProtocol.swift */,
				78CE30622534674E0020E536 /* FlexibleModelProtocol.h */,
				78D95D7C2535B0FB009A379F /* HWXMLParser.swift */,
				78D95D7B2535B0FB009A379F /* HWXMLEelement.swift */,
				4F589F2A25414FC1001443A3 /* FMPCopyOnWriteExtension.swift */,
				78CE30632534674E0020E536 /* Info.plist */,
			);
			path = FlexibleModelProtocol;
			sourceTree = "<group>";
		};
		78CE306C2534674E0020E536 /* FlexibleModelProtocolTests */ = {
			isa = PBXGroup;
			children = (
				78D95D9B2535D7C2009A379F /* Mock */,
				78CE306F2534674E0020E536 /* Info.plist */,
				78D95D832535B5C9009A379F /* FromTest.swift */,
				78D95D872535B5D4009A379F /* ToTest.swift */,
				4F589F3225415712001443A3 /* CopyOnWriteTest.swift */,
			);
			path = FlexibleModelProtocolTests;
			sourceTree = "<group>";
		};
		78D95D9B2535D7C2009A379F /* Mock */ = {
			isa = PBXGroup;
			children = (
				78D95D9C2535D7C2009A379F /* TestModel.swift */,
				78D95D9D2535D7C2009A379F /* SampleXML.xml */,
				78D95D9E2535D7C2009A379F /* SampleJson.json */,
			);
			path = Mock;
			sourceTree = "<group>";
		};
/* End PBXGroup section */

/* Begin PBXHeadersBuildPhase section */
		78CE305A2534674E0020E536 /* Headers */ = {
			isa = PBXHeadersBuildPhase;
			buildActionMask = 2147483647;
			files = (
				78CE30702534674E0020E536 /* FlexibleModelProtocol.h in Headers */,
			);
			runOnlyForDeploymentPostprocessing = 0;
		};
/* End PBXHeadersBuildPhase section */

/* Begin PBXNativeTarget section */
		78CE305E2534674E0020E536 /* FlexibleModelProtocol */ = {
			isa = PBXNativeTarget;
			buildConfigurationList = 78CE30732534674E0020E536 /* Build configuration list for PBXNativeTarget "FlexibleModelProtocol" */;
			buildPhases = (
				78CE305A2534674E0020E536 /* Headers */,
				78CE305B2534674E0020E536 /* Sources */,
				78CE305C2534674E0020E536 /* Frameworks */,
				78CE305D2534674E0020E536 /* Resources */,
			);
			buildRules = (
			);
			dependencies = (
			);
			name = FlexibleModelProtocol;
			productName = FlexibleModelProtocol;
			productReference = 78CE305F2534674E0020E536 /* FlexibleModelProtocol.framework */;
			productType = "com.apple.product-type.framework";
		};
		78CE30672534674E0020E536 /* FlexibleModelProtocolTests */ = {
			isa = PBXNativeTarget;
			buildConfigurationList = 78CE30762534674E0020E536 /* Build configuration list for PBXNativeTarget "FlexibleModelProtocolTests" */;
			buildPhases = (
				78CE30642534674E0020E536 /* Sources */,
				78CE30652534674E0020E536 /* Frameworks */,
				78CE30662534674E0020E536 /* Resources */,
			);
			buildRules = (
			);
			dependencies = (
				78CE306B2534674E0020E536 /* PBXTargetDependency */,
			);
			name = FlexibleModelProtocolTests;
			productName = FlexibleModelProtocolTests;
			productReference = 78CE30682534674E0020E536 /* FlexibleModelProtocolTests.xctest */;
			productType = "com.apple.product-type.bundle.unit-test";
		};
/* End PBXNativeTarget section */

/* Begin PBXProject section */
		78CE30562534674E0020E536 /* Project object */ = {
			isa = PBXProject;
			attributes = {
				LastSwiftUpdateCheck = 1200;
				LastUpgradeCheck = 1200;
				TargetAttributes = {
					78CE305E2534674E0020E536 = {
						CreatedOnToolsVersion = 12.0.1;
						LastSwiftMigration = 1200;
					};
					78CE30672534674E0020E536 = {
						CreatedOnToolsVersion = 12.0.1;
					};
				};
			};
			buildConfigurationList = 78CE30592534674E0020E536 /* Build configuration list for PBXProject "FlexibleModelProtocol" */;
			compatibilityVersion = "Xcode 9.3";
			developmentRegion = en;
			hasScannedForEncodings = 0;
			knownRegions = (
				en,
				Base,
			);
			mainGroup = 78CE30552534674E0020E536;
			productRefGroup = 78CE30602534674E0020E536 /* Products */;
			projectDirPath = "";
			projectRoot = "";
			targets = (
				78CE305E2534674E0020E536 /* FlexibleModelProtocol */,
				78CE30672534674E0020E536 /* FlexibleModelProtocolTests */,
			);
		};
/* End PBXProject section */

/* Begin PBXResourcesBuildPhase section */
		78CE305D2534674E0020E536 /* Resources */ = {
			isa = PBXResourcesBuildPhase;
			buildActionMask = 2147483647;
			files = (
			);
			runOnlyForDeploymentPostprocessing = 0;
		};
		78CE30662534674E0020E536 /* Resources */ = {
			isa = PBXResourcesBuildPhase;
			buildActionMask = 2147483647;
			files = (
				78D95DA02535D7C2009A379F /* SampleXML.xml in Resources */,
				78D95DA12535D7C2009A379F /* SampleJson.json in Resources */,
			);
			runOnlyForDeploymentPostprocessing = 0;
		};
/* End PBXResourcesBuildPhase section */

/* Begin PBXSourcesBuildPhase section */
		78CE305B2534674E0020E536 /* Sources */ = {
			isa = PBXSourcesBuildPhase;
			buildActionMask = 2147483647;
			files = (
				78D95D7E2535B0FB009A379F /* HWXMLParser.swift in Sources */,
				4F589F2B25414FC1001443A3 /* FMPCopyOnWriteExtension.swift in Sources */,
				78CE307C2534677E0020E536 /* FlexibleModelProtocol.swift in Sources */,
				78D95D7D2535B0FB009A379F /* HWXMLEelement.swift in Sources */,
			);
			runOnlyForDeploymentPostprocessing = 0;
		};
		78CE30642534674E0020E536 /* Sources */ = {
			isa = PBXSourcesBuildPhase;
			buildActionMask = 2147483647;
			files = (
				78D95D9F2535D7C2009A379F /* TestModel.swift in Sources */,
				78D95D882535B5D4009A379F /* ToTest.swift in Sources */,
				78D95D842535B5C9009A379F /* FromTest.swift in Sources */,
				4F589F3325415712001443A3 /* CopyOnWriteTest.swift in Sources */,
			);
			runOnlyForDeploymentPostprocessing = 0;
		};
/* End PBXSourcesBuildPhase section */

/* Begin PBXTargetDependency section */
		78CE306B2534674E0020E536 /* PBXTargetDependency */ = {
			isa = PBXTargetDependency;
			target = 78CE305E2534674E0020E536 /* FlexibleModelProtocol */;
			targetProxy = 78CE306A2534674E0020E536 /* PBXContainerItemProxy */;
		};
/* End PBXTargetDependency section */

/* Begin XCBuildConfiguration section */
		78CE30712534674E0020E536 /* Debug */ = {
			isa = XCBuildConfiguration;
			buildSettings = {
				ALWAYS_SEARCH_USER_PATHS = NO;
				CLANG_ANALYZER_NONNULL = YES;
				CLANG_ANALYZER_NUMBER_OBJECT_CONVERSION = YES_AGGRESSIVE;
				CLANG_CXX_LANGUAGE_STANDARD = "gnu++14";
				CLANG_CXX_LIBRARY = "libc++";
				CLANG_ENABLE_MODULES = YES;
				CLANG_ENABLE_OBJC_ARC = YES;
				CLANG_ENABLE_OBJC_WEAK = YES;
				CLANG_WARN_BLOCK_CAPTURE_AUTORELEASING = YES;
				CLANG_WARN_BOOL_CONVERSION = YES;
				CLANG_WARN_COMMA = YES;
				CLANG_WARN_CONSTANT_CONVERSION = YES;
				CLANG_WARN_DEPRECATED_OBJC_IMPLEMENTATIONS = YES;
				CLANG_WARN_DIRECT_OBJC_ISA_USAGE = YES_ERROR;
				CLANG_WARN_DOCUMENTATION_COMMENTS = YES;
				CLANG_WARN_EMPTY_BODY = YES;
				CLANG_WARN_ENUM_CONVERSION = YES;
				CLANG_WARN_INFINITE_RECURSION = YES;
				CLANG_WARN_INT_CONVERSION = YES;
				CLANG_WARN_NON_LITERAL_NULL_CONVERSION = YES;
				CLANG_WARN_OBJC_IMPLICIT_RETAIN_SELF = YES;
				CLANG_WARN_OBJC_LITERAL_CONVERSION = YES;
				CLANG_WARN_OBJC_ROOT_CLASS = YES_ERROR;
				CLANG_WARN_QUOTED_INCLUDE_IN_FRAMEWORK_HEADER = YES;
				CLANG_WARN_RANGE_LOOP_ANALYSIS = YES;
				CLANG_WARN_STRICT_PROTOTYPES = YES;
				CLANG_WARN_SUSPICIOUS_MOVE = YES;
				CLANG_WARN_UNGUARDED_AVAILABILITY = YES_AGGRESSIVE;
				CLANG_WARN_UNREACHABLE_CODE = YES;
				CLANG_WARN__DUPLICATE_METHOD_MATCH = YES;
				COPY_PHASE_STRIP = NO;
				CURRENT_PROJECT_VERSION = 1;
				DEBUG_INFORMATION_FORMAT = dwarf;
				ENABLE_STRICT_OBJC_MSGSEND = YES;
				ENABLE_TESTABILITY = YES;
				GCC_C_LANGUAGE_STANDARD = gnu11;
				GCC_DYNAMIC_NO_PIC = NO;
				GCC_NO_COMMON_BLOCKS = YES;
				GCC_OPTIMIZATION_LEVEL = 0;
				GCC_PREPROCESSOR_DEFINITIONS = (
					"DEBUG=1",
					"$(inherited)",
				);
				GCC_WARN_64_TO_32_BIT_CONVERSION = YES;
				GCC_WARN_ABOUT_RETURN_TYPE = YES_ERROR;
				GCC_WARN_UNDECLARED_SELECTOR = YES;
				GCC_WARN_UNINITIALIZED_AUTOS = YES_AGGRESSIVE;
				GCC_WARN_UNUSED_FUNCTION = YES;
				GCC_WARN_UNUSED_VARIABLE = YES;
				IPHONEOS_DEPLOYMENT_TARGET = 11.0;
				MTL_ENABLE_DEBUG_INFO = INCLUDE_SOURCE;
				MTL_FAST_MATH = YES;
				ONLY_ACTIVE_ARCH = YES;
				SDKROOT = iphoneos;
				SWIFT_ACTIVE_COMPILATION_CONDITIONS = DEBUG;
				SWIFT_OPTIMIZATION_LEVEL = "-Onone";
				VERSIONING_SYSTEM = "apple-generic";
				VERSION_INFO_PREFIX = "";
			};
			name = Debug;
		};
		78CE30722534674E0020E536 /* Release */ = {
			isa = XCBuildConfiguration;
			buildSettings = {
				ALWAYS_SEARCH_USER_PATHS = NO;
				CLANG_ANALYZER_NONNULL = YES;
				CLANG_ANALYZER_NUMBER_OBJECT_CONVERSION = YES_AGGRESSIVE;
				CLANG_CXX_LANGUAGE_STANDARD = "gnu++14";
				CLANG_CXX_LIBRARY = "libc++";
				CLANG_ENABLE_MODULES = YES;
				CLANG_ENABLE_OBJC_ARC = YES;
				CLANG_ENABLE_OBJC_WEAK = YES;
				CLANG_WARN_BLOCK_CAPTURE_AUTORELEASING = YES;
				CLANG_WARN_BOOL_CONVERSION = YES;
				CLANG_WARN_COMMA = YES;
				CLANG_WARN_CONSTANT_CONVERSION = YES;
				CLANG_WARN_DEPRECATED_OBJC_IMPLEMENTATIONS = YES;
				CLANG_WARN_DIRECT_OBJC_ISA_USAGE = YES_ERROR;
				CLANG_WARN_DOCUMENTATION_COMMENTS = YES;
				CLANG_WARN_EMPTY_BODY = YES;
				CLANG_WARN_ENUM_CONVERSION = YES;
				CLANG_WARN_INFINITE_RECURSION = YES;
				CLANG_WARN_INT_CONVERSION = YES;
				CLANG_WARN_NON_LITERAL_NULL_CONVERSION = YES;
				CLANG_WARN_OBJC_IMPLICIT_RETAIN_SELF = YES;
				CLANG_WARN_OBJC_LITERAL_CONVERSION = YES;
				CLANG_WARN_OBJC_ROOT_CLASS = YES_ERROR;
				CLANG_WARN_QUOTED_INCLUDE_IN_FRAMEWORK_HEADER = YES;
				CLANG_WARN_RANGE_LOOP_ANALYSIS = YES;
				CLANG_WARN_STRICT_PROTOTYPES = YES;
				CLANG_WARN_SUSPICIOUS_MOVE = YES;
				CLANG_WARN_UNGUARDED_AVAILABILITY = YES_AGGRESSIVE;
				CLANG_WARN_UNREACHABLE_CODE = YES;
				CLANG_WARN__DUPLICATE_METHOD_MATCH = YES;
				COPY_PHASE_STRIP = NO;
				CURRENT_PROJECT_VERSION = 1;
				DEBUG_INFORMATION_FORMAT = "dwarf-with-dsym";
				ENABLE_NS_ASSERTIONS = NO;
				ENABLE_STRICT_OBJC_MSGSEND = YES;
				GCC_C_LANGUAGE_STANDARD = gnu11;
				GCC_NO_COMMON_BLOCKS = YES;
				GCC_WARN_64_TO_32_BIT_CONVERSION = YES;
				GCC_WARN_ABOUT_RETURN_TYPE = YES_ERROR;
				GCC_WARN_UNDECLARED_SELECTOR = YES;
				GCC_WARN_UNINITIALIZED_AUTOS = YES_AGGRESSIVE;
				GCC_WARN_UNUSED_FUNCTION = YES;
				GCC_WARN_UNUSED_VARIABLE = YES;
				IPHONEOS_DEPLOYMENT_TARGET = 11.0;
				MTL_ENABLE_DEBUG_INFO = NO;
				MTL_FAST_MATH = YES;
				SDKROOT = iphoneos;
				SWIFT_COMPILATION_MODE = wholemodule;
				SWIFT_OPTIMIZATION_LEVEL = "-O";
				VALIDATE_PRODUCT = YES;
				VERSIONING_SYSTEM = "apple-generic";
				VERSION_INFO_PREFIX = "";
			};
			name = Release;
		};
		78CE30742534674E0020E536 /* Debug */ = {
			isa = XCBuildConfiguration;
			buildSettings = {
				CLANG_ENABLE_MODULES = YES;
				CODE_SIGN_STYLE = Automatic;
				CURRENT_PROJECT_VERSION = 4;
				DEFINES_MODULE = YES;
				DEVELOPMENT_TEAM = P4ZJYAK634;
				DYLIB_COMPATIBILITY_VERSION = 1;
				DYLIB_CURRENT_VERSION = 1;
				DYLIB_INSTALL_NAME_BASE = "@rpath";
				INFOPLIST_FILE = FlexibleModelProtocol/Info.plist;
				INSTALL_PATH = "$(LOCAL_LIBRARY_DIR)/Frameworks";
				LD_RUNPATH_SEARCH_PATHS = (
					"$(inherited)",
					"@executable_path/Frameworks",
					"@loader_path/Frameworks",
				);
				MARKETING_VERSION = 1.1.2;
				PRODUCT_BUNDLE_IDENTIFIER = com.hanwe.FlexibleModelProtocol;
				PRODUCT_NAME = "$(TARGET_NAME:c99extidentifier)";
				SKIP_INSTALL = YES;
				SWIFT_OPTIMIZATION_LEVEL = "-Onone";
				SWIFT_VERSION = 5.0;
				TARGETED_DEVICE_FAMILY = "1,2";
			};
			name = Debug;
		};
		78CE30752534674E0020E536 /* Release */ = {
			isa = XCBuildConfiguration;
			buildSettings = {
				CLANG_ENABLE_MODULES = YES;
				CODE_SIGN_STYLE = Automatic;
				CURRENT_PROJECT_VERSION = 4;
				DEFINES_MODULE = YES;
				DEVELOPMENT_TEAM = P4ZJYAK634;
				DYLIB_COMPATIBILITY_VERSION = 1;
				DYLIB_CURRENT_VERSION = 1;
				DYLIB_INSTALL_NAME_BASE = "@rpath";
				INFOPLIST_FILE = FlexibleModelProtocol/Info.plist;
				INSTALL_PATH = "$(LOCAL_LIBRARY_DIR)/Frameworks";
				LD_RUNPATH_SEARCH_PATHS = (
					"$(inherited)",
					"@executable_path/Frameworks",
					"@loader_path/Frameworks",
				);
				MARKETING_VERSION = 1.1.2;
				PRODUCT_BUNDLE_IDENTIFIER = com.hanwe.FlexibleModelProtocol;
				PRODUCT_NAME = "$(TARGET_NAME:c99extidentifier)";
				SKIP_INSTALL = YES;
				SWIFT_VERSION = 5.0;
				TARGETED_DEVICE_FAMILY = "1,2";
			};
			name = Release;
		};
		78CE30772534674E0020E536 /* Debug */ = {
			isa = XCBuildConfiguration;
			buildSettings = {
				ALWAYS_EMBED_SWIFT_STANDARD_LIBRARIES = YES;
				CODE_SIGN_STYLE = Automatic;
				DEVELOPMENT_TEAM = P4ZJYAK634;
				INFOPLIST_FILE = FlexibleModelProtocolTests/Info.plist;
				LD_RUNPATH_SEARCH_PATHS = (
					"$(inherited)",
					"@executable_path/Frameworks",
					"@loader_path/Frameworks",
				);
				PRODUCT_BUNDLE_IDENTIFIER = com.hanwe.FlexibleModelProtocolTests;
				PRODUCT_NAME = "$(TARGET_NAME)";
				SWIFT_VERSION = 5.0;
				TARGETED_DEVICE_FAMILY = "1,2";
			};
			name = Debug;
		};
		78CE30782534674E0020E536 /* Release */ = {
			isa = XCBuildConfiguration;
			buildSettings = {
				ALWAYS_EMBED_SWIFT_STANDARD_LIBRARIES = YES;
				CODE_SIGN_STYLE = Automatic;
				DEVELOPMENT_TEAM = P4ZJYAK634;
				INFOPLIST_FILE = FlexibleModelProtocolTests/Info.plist;
				LD_RUNPATH_SEARCH_PATHS = (
					"$(inherited)",
					"@executable_path/Frameworks",
					"@loader_path/Frameworks",
				);
				PRODUCT_BUNDLE_IDENTIFIER = com.hanwe.FlexibleModelProtocolTests;
				PRODUCT_NAME = "$(TARGET_NAME)";
				SWIFT_VERSION = 5.0;
				TARGETED_DEVICE_FAMILY = "1,2";
			};
			name = Release;
		};
/* End XCBuildConfiguration section */

/* Begin XCConfigurationList section */
		78CE30592534674E0020E536 /* Build configuration list for PBXProject "FlexibleModelProtocol" */ = {
			isa = XCConfigurationList;
			buildConfigurations = (
				78CE30712534674E0020E536 /* Debug */,
				78CE30722534674E0020E536 /* Release */,
			);
			defaultConfigurationIsVisible = 0;
			defaultConfigurationName = Release;
		};
		78CE30732534674E0020E536 /* Build configuration list for PBXNativeTarget "FlexibleModelProtocol" */ = {
			isa = XCConfigurationList;
			buildConfigurations = (
				78CE30742534674E0020E536 /* Debug */,
				78CE30752534674E0020E536 /* Release */,
			);
			defaultConfigurationIsVisible = 0;
			defaultConfigurationName = Release;
		};
		78CE30762534674E0020E536 /* Build configuration list for PBXNativeTarget "FlexibleModelProtocolTests" */ = {
			isa = XCConfigurationList;
			buildConfigurations = (
				78CE30772534674E0020E536 /* Debug */,
				78CE30782534674E0020E536 /* Release */,
			);
			defaultConfigurationIsVisible = 0;
			defaultConfigurationName = Release;
		};
/* End XCConfigurationList section */
	};
	rootObject = 78CE30562534674E0020E536 /* Project object */;
}
